
Microsoft Visual Studio Solution File, Format Version 12.00
# Visual Studio Version 17
VisualStudioVersion = 17.6.33723.286
MinimumVisualStudioVersion = 10.0.40219.1
Project("{FAE04EC0-301F-11D3-BF4B-00C04F79EFBC}") = "Business", "Business\Business.csproj", "{B3FEBEDD-84C9-4B8F-9224-539B062E5B6B}"
EndProject
Project("{FAE04EC0-301F-11D3-BF4B-00C04F79EFBC}") = "Database", "Database\Database.csproj", "{A9600807-4D49-44D5-8742-34C96998581B}"
EndProject
Project("{FAE04EC0-301F-11D3-BF4B-00C04F79EFBC}") = "UI", "UI\UI.csproj", "{A45B5F65-D8D9-4EF0-91AE-C78FA693F41E}"
EndProject
Global
	GlobalSection(SolutionConfigurationPlatforms) = preSolution
		Debug|Any CPU = Debug|Any CPU
		Release|Any CPU = Release|Any CPU
	EndGlobalSection
	GlobalSection(ProjectConfigurationPlatforms) = postSolution
		{B3FEBEDD-84C9-4B8F-9224-539B062E5B6B}.Debug|Any CPU.ActiveCfg = Debug|Any CPU
		{B3FEBEDD-84C9-4B8F-9224-539B062E5B6B}.Debug|Any CPU.Build.0 = Debug|Any CPU
		{B3FEBEDD-84C9-4B8F-9224-539B062E5B6B}.Release|Any CPU.ActiveCfg = Release|Any CPU
		{B3FEBEDD-84C9-4B8F-9224-539B062E5B6B}.Release|Any CPU.Build.0 = Release|Any CPU
		{A9600807-4D49-44D5-8742-34C96998581B}.Debug|Any CPU.ActiveCfg = Debug|Any CPU
		{A9600807-4D49-44D5-8742-34C96998581B}.Debug|Any CPU.Build.0 = Debug|Any CPU
		{A9600807-4D49-44D5-8742-34C96998581B}.Release|Any CPU.ActiveCfg = Release|Any CPU
		{A9600807-4D49-44D5-8742-34C96998581B}.Release|Any CPU.Build.0 = Release|Any CPU
		{A45B5F65-D8D9-4EF0-91AE-C78FA693F41E}.Debug|Any CPU.ActiveCfg = Debug|Any CPU
		{A45B5F65-D8D9-4EF0-91AE-C78FA693F41E}.Debug|Any CPU.Build.0 = Debug|Any CPU
		{A45B5F65-D8D9-4EF0-91AE-C78FA693F41E}.Release|Any CPU.ActiveCfg = Release|Any CPU
		{A45B5F65-D8D9-4EF0-91AE-C78FA693F41E}.Release|Any CPU.Build.0 = Release|Any CPU
	EndGlobalSection
	GlobalSection(SolutionProperties) = preSolution
		HideSolutionNode = FALSE
	EndGlobalSection
	GlobalSection(ExtensibilityGlobals) = postSolution
		SolutionGuid = {9825AD51-CFDA-4304-B523-3333FB095785}
	EndGlobalSection
EndGlobal
